
Microsoft Visual Studio Solution File, Format Version 12.00
# Visual Studio Version 16
VisualStudioVersion = 16.0.33529.622
MinimumVisualStudioVersion = 10.0.40219.1
Project("{FAE04EC0-301F-11D3-BF4B-00C04F79EFBC}") = "TestManagement", "TestManagement\TestManagement.csproj", "{AA896228-1305-4554-BA82-D0C0A96C1946}"
EndProject
Global
	GlobalSection(SolutionConfigurationPlatforms) = preSolution
		Debug|Any CPU = Debug|Any CPU
		Release|Any CPU = Release|Any CPU
	EndGlobalSection
	GlobalSection(ProjectConfigurationPlatforms) = postSolution
		{AA896228-1305-4554-BA82-D0C0A96C1946}.Debug|Any CPU.ActiveCfg = Debug|Any CPU
		{AA896228-1305-4554-BA82-D0C0A96C1946}.Debug|Any CPU.Build.0 = Debug|Any CPU
		{AA896228-1305-4554-BA82-D0C0A96C1946}.Release|Any CPU.ActiveCfg = Release|Any CPU
		{AA896228-1305-4554-BA82-D0C0A96C1946}.Release|Any CPU.Build.0 = Release|Any CPU
	EndGlobalSection
	GlobalSection(SolutionProperties) = preSolution
		HideSolutionNode = FALSE
	EndGlobalSection
	GlobalSection(ExtensibilityGlobals) = postSolution
		SolutionGuid = {F18CC42B-59D1-4B08-B7CE-EA9A74A78E0E}
	EndGlobalSection
EndGlobal
